
Microsoft Visual Studio Solution File, Format Version 12.00
# Visual Studio Version 16
VisualStudioVersion = 16.0.30406.217
MinimumVisualStudioVersion = 10.0.40219.1
Project("{FAE04EC0-301F-11D3-BF4B-00C04F79EFBC}") = "CollageManager", "CollageManager\CollageManager.csproj", "{5FF74239-C2D0-4DCD-B223-88BC91E719E7}"
EndProject
Project("{FAE04EC0-301F-11D3-BF4B-00C04F79EFBC}") = "Models2", "Model2\Models2.csproj", "{D8B4E82E-3166-4A9A-9239-84079DB76686}"
EndProject
Global
	GlobalSection(SolutionConfigurationPlatforms) = preSolution
		Debug|Any CPU = Debug|Any CPU
		Release|Any CPU = Release|Any CPU
	EndGlobalSection
	GlobalSection(ProjectConfigurationPlatforms) = postSolution
		{5FF74239-C2D0-4DCD-B223-88BC91E719E7}.Debug|Any CPU.ActiveCfg = Debug|Any CPU
		{5FF74239-C2D0-4DCD-B223-88BC91E719E7}.Debug|Any CPU.Build.0 = Debug|Any CPU
		{5FF74239-C2D0-4DCD-B223-88BC91E719E7}.Release|Any CPU.ActiveCfg = Release|Any CPU
		{5FF74239-C2D0-4DCD-B223-88BC91E719E7}.Release|Any CPU.Build.0 = Release|Any CPU
		{D8B4E82E-3166-4A9A-9239-84079DB76686}.Debug|Any CPU.ActiveCfg = Debug|Any CPU
		{D8B4E82E-3166-4A9A-9239-84079DB76686}.Debug|Any CPU.Build.0 = Debug|Any CPU
		{D8B4E82E-3166-4A9A-9239-84079DB76686}.Release|Any CPU.ActiveCfg = Release|Any CPU
		{D8B4E82E-3166-4A9A-9239-84079DB76686}.Release|Any CPU.Build.0 = Release|Any CPU
	EndGlobalSection
	GlobalSection(SolutionProperties) = preSolution
		HideSolutionNode = FALSE
	EndGlobalSection
	GlobalSection(ExtensibilityGlobals) = postSolution
		SolutionGuid = {1A6CCF0A-B696-4D1B-850A-61A285643B11}
	EndGlobalSection
EndGlobal
